// !$*UTF8*$!
{
	archiveVersion = 1;
	classes = {
	};
	objectVersion = 56;
	objects = {

/* Begin PBXBuildFile section */
		9CF1E3AD29D060E500DE179D /* chronoApp.swift in Sources */ = {isa = PBXBuildFile; fileRef = 9CF1E3AC29D060E500DE179D /* chronoApp.swift */; };
		9CF1E3AF29D060E500DE179D /* ContentView.swift in Sources */ = {isa = PBXBuildFile; fileRef = 9CF1E3AE29D060E500DE179D /* ContentView.swift */; };
		9CF1E3B129D060E600DE179D /* Assets.xcassets in Resources */ = {isa = PBXBuildFile; fileRef = 9CF1E3B029D060E600DE179D /* Assets.xcassets */; };
		9CF1E3B429D060E600DE179D /* Preview Assets.xcassets in Resources */ = {isa = PBXBuildFile; fileRef = 9CF1E3B329D060E600DE179D /* Preview Assets.xcassets */; };
		9CF1E3BF29D060E600DE179D /* chronoTests.swift in Sources */ = {isa = PBXBuildFile; fileRef = 9CF1E3BE29D060E600DE179D /* chronoTests.swift */; };
		9CF1E3C929D060E600DE179D /* chronoUITests.swift in Sources */ = {isa = PBXBuildFile; fileRef = 9CF1E3C829D060E600DE179D /* chronoUITests.swift */; };
		9CF1E3CB29D060E600DE179D /* chronoUITestsLaunchTests.swift in Sources */ = {isa = PBXBuildFile; fileRef = 9CF1E3CA29D060E600DE179D /* chronoUITestsLaunchTests.swift */; };
/* End PBXBuildFile section */

/* Begin PBXContainerItemProxy section */
		9CF1E3BB29D060E600DE179D /* PBXContainerItemProxy */ = {
			isa = PBXContainerItemProxy;
			containerPortal = 9CF1E3A129D060E500DE179D /* Project object */;
			proxyType = 1;
			remoteGlobalIDString = 9CF1E3A829D060E500DE179D;
			remoteInfo = chrono;
		};
		9CF1E3C529D060E600DE179D /* PBXContainerItemProxy */ = {
			isa = PBXContainerItemProxy;
			containerPortal = 9CF1E3A129D060E500DE179D /* Project object */;
			proxyType = 1;
			remoteGlobalIDString = 9CF1E3A829D060E500DE179D;
			remoteInfo = chrono;
		};
/* End PBXContainerItemProxy section */

/* Begin PBXFileReference section */
		9CF1E3A929D060E500DE179D /* chrono.app */ = {isa = PBXFileReference; explicitFileType = wrapper.application; includeInIndex = 0; path = chrono.app; sourceTree = BUILT_PRODUCTS_DIR; };
		9CF1E3AC29D060E500DE179D /* chronoApp.swift */ = {isa = PBXFileReference; lastKnownFileType = sourcecode.swift; path = chronoApp.swift; sourceTree = "<group>"; };
		9CF1E3AE29D060E500DE179D /* ContentView.swift */ = {isa = PBXFileReference; lastKnownFileType = sourcecode.swift; path = ContentView.swift; sourceTree = "<group>"; };
		9CF1E3B029D060E600DE179D /* Assets.xcassets */ = {isa = PBXFileReference; lastKnownFileType = folder.assetcatalog; path = Assets.xcassets; sourceTree = "<group>"; };
		9CF1E3B329D060E600DE179D /* Preview Assets.xcassets */ = {isa = PBXFileReference; lastKnownFileType = folder.assetcatalog; path = "Preview Assets.xcassets"; sourceTree = "<group>"; };
		9CF1E3B529D060E600DE179D /* chrono.entitlements */ = {isa = PBXFileReference; lastKnownFileType = text.plist.entitlements; path = chrono.entitlements; sourceTree = "<group>"; };
		9CF1E3BA29D060E600DE179D /* chronoTests.xctest */ = {isa = PBXFileReference; explicitFileType = wrapper.cfbundle; includeInIndex = 0; path = chronoTests.xctest; sourceTree = BUILT_PRODUCTS_DIR; };
		9CF1E3BE29D060E600DE179D /* chronoTests.swift */ = {isa = PBXFileReference; lastKnownFileType = sourcecode.swift; path = chronoTests.swift; sourceTree = "<group>"; };
		9CF1E3C429D060E600DE179D /* chronoUITests.xctest */ = {isa = PBXFileReference; explicitFileType = wrapper.cfbundle; includeInIndex = 0; path = chronoUITests.xctest; sourceTree = BUILT_PRODUCTS_DIR; };
		9CF1E3C829D060E600DE179D /* chronoUITests.swift */ = {isa = PBXFileReference; lastKnownFileType = sourcecode.swift; path = chronoUITests.swift; sourceTree = "<group>"; };
		9CF1E3CA29D060E600DE179D /* chronoUITestsLaunchTests.swift */ = {isa = PBXFileReference; lastKnownFileType = sourcecode.swift; path = chronoUITestsLaunchTests.swift; sourceTree = "<group>"; };
/* End PBXFileReference section */

/* Begin PBXFrameworksBuildPhase section */
		9CF1E3A629D060E500DE179D /* Frameworks */ = {
			isa = PBXFrameworksBuildPhase;
			buildActionMask = 2147483647;
			files = (
			);
			runOnlyForDeploymentPostprocessing = 0;
		};
		9CF1E3B729D060E600DE179D /* Frameworks */ = {
			isa = PBXFrameworksBuildPhase;
			buildActionMask = 2147483647;
			files = (
			);
			runOnlyForDeploymentPostprocessing = 0;
		};
		9CF1E3C129D060E600DE179D /* Frameworks */ = {
			isa = PBXFrameworksBuildPhase;
			buildActionMask = 2147483647;
			files = (
			);
			runOnlyForDeploymentPostprocessing = 0;
		};
/* End PBXFrameworksBuildPhase section */

/* Begin PBXGroup section */
		9CF1E3A029D060E500DE179D = {
			isa = PBXGroup;
			children = (
				9CF1E3AB29D060E500DE179D /* chrono */,
				9CF1E3BD29D060E600DE179D /* chronoTests */,
				9CF1E3C729D060E600DE179D /* chronoUITests */,
				9CF1E3AA29D060E500DE179D /* Products */,
			);
			sourceTree = "<group>";
		};
		9CF1E3AA29D060E500DE179D /* Products */ = {
			isa = PBXGroup;
			children = (
				9CF1E3A929D060E500DE179D /* chrono.app */,
				9CF1E3BA29D060E600DE179D /* chronoTests.xctest */,
				9CF1E3C429D060E600DE179D /* chronoUITests.xctest */,
			);
			name = Products;
			sourceTree = "<group>";
		};
		9CF1E3AB29D060E500DE179D /* chrono */ = {
			isa = PBXGroup;
			children = (
				9CF1E3AC29D060E500DE179D /* chronoApp.swift */,
				9CF1E3AE29D060E500DE179D /* ContentView.swift */,
				9CF1E3B029D060E600DE179D /* Assets.xcassets */,
				9CF1E3B529D060E600DE179D /* chrono.entitlements */,
				9CF1E3B229D060E600DE179D /* Preview Content */,
			);
			path = chrono;
			sourceTree = "<group>";
		};
		9CF1E3B229D060E600DE179D /* Preview Content */ = {
			isa = PBXGroup;
			children = (
				9CF1E3B329D060E600DE179D /* Preview Assets.xcassets */,
			);
			path = "Preview Content";
			sourceTree = "<group>";
		};
		9CF1E3BD29D060E600DE179D /* chronoTests */ = {
			isa = PBXGroup;
			children = (
				9CF1E3BE29D060E600DE179D /* chronoTests.swift */,
			);
			path = chronoTests;
			sourceTree = "<group>";
		};
		9CF1E3C729D060E600DE179D /* chronoUITests */ = {
			isa = PBXGroup;
			children = (
				9CF1E3C829D060E600DE179D /* chronoUITests.swift */,
				9CF1E3CA29D060E600DE179D /* chronoUITestsLaunchTests.swift */,
			);
			path = chronoUITests;
			sourceTree = "<group>";
		};
/* End PBXGroup section */

/* Begin PBXNativeTarget section */
		9CF1E3A829D060E500DE179D /* chrono */ = {
			isa = PBXNativeTarget;
			buildConfigurationList = 9CF1E3CE29D060E600DE179D /* Build configuration list for PBXNativeTarget "chrono" */;
			buildPhases = (
				9CF1E3A529D060E500DE179D /* Sources */,
				9CF1E3A629D060E500DE179D /* Frameworks */,
				9CF1E3A729D060E500DE179D /* Resources */,
			);
			buildRules = (
			);
			dependencies = (
			);
			name = chrono;
			productName = chrono;
			productReference = 9CF1E3A929D060E500DE179D /* chrono.app */;
			productType = "com.apple.product-type.application";
		};
		9CF1E3B929D060E600DE179D /* chronoTests */ = {
			isa = PBXNativeTarget;
			buildConfigurationList = 9CF1E3D129D060E600DE179D /* Build configuration list for PBXNativeTarget "chronoTests" */;
			buildPhases = (
				9CF1E3B629D060E600DE179D /* Sources */,
				9CF1E3B729D060E600DE179D /* Frameworks */,
				9CF1E3B829D060E600DE179D /* Resources */,
			);
			buildRules = (
			);
			dependencies = (
				9CF1E3BC29D060E600DE179D /* PBXTargetDependency */,
			);
			name = chronoTests;
			productName = chronoTests;
			productReference = 9CF1E3BA29D060E600DE179D /* chronoTests.xctest */;
			productType = "com.apple.product-type.bundle.unit-test";
		};
		9CF1E3C329D060E600DE179D /* chronoUITests */ = {
			isa = PBXNativeTarget;
			buildConfigurationList = 9CF1E3D429D060E600DE179D /* Build configuration list for PBXNativeTarget "chronoUITests" */;
			buildPhases = (
				9CF1E3C029D060E600DE179D /* Sources */,
				9CF1E3C129D060E600DE179D /* Frameworks */,
				9CF1E3C229D060E600DE179D /* Resources */,
			);
			buildRules = (
			);
			dependencies = (
				9CF1E3C629D060E600DE179D /* PBXTargetDependency */,
			);
			name = chronoUITests;
			productName = chronoUITests;
			productReference = 9CF1E3C429D060E600DE179D /* chronoUITests.xctest */;
			productType = "com.apple.product-type.bundle.ui-testing";
		};
/* End PBXNativeTarget section */

/* Begin PBXProject section */
		9CF1E3A129D060E500DE179D /* Project object */ = {
			isa = PBXProject;
			attributes = {
				BuildIndependentTargetsInParallel = 1;
				LastSwiftUpdateCheck = 1420;
				LastUpgradeCheck = 1420;
				TargetAttributes = {
					9CF1E3A829D060E500DE179D = {
						CreatedOnToolsVersion = 14.2;
					};
					9CF1E3B929D060E600DE179D = {
						CreatedOnToolsVersion = 14.2;
						TestTargetID = 9CF1E3A829D060E500DE179D;
					};
					9CF1E3C329D060E600DE179D = {
						CreatedOnToolsVersion = 14.2;
						TestTargetID = 9CF1E3A829D060E500DE179D;
					};
				};
			};
			buildConfigurationList = 9CF1E3A429D060E500DE179D /* Build configuration list for PBXProject "chrono" */;
			compatibilityVersion = "Xcode 14.0";
			developmentRegion = en;
			hasScannedForEncodings = 0;
			knownRegions = (
				en,
				Base,
			);
			mainGroup = 9CF1E3A029D060E500DE179D;
			productRefGroup = 9CF1E3AA29D060E500DE179D /* Products */;
			projectDirPath = "";
			projectRoot = "";
			targets = (
				9CF1E3A829D060E500DE179D /* chrono */,
				9CF1E3B929D060E600DE179D /* chronoTests */,
				9CF1E3C329D060E600DE179D /* chronoUITests */,
			);
		};
/* End PBXProject section */

/* Begin PBXResourcesBuildPhase section */
		9CF1E3A729D060E500DE179D /* Resources */ = {
			isa = PBXResourcesBuildPhase;
			buildActionMask = 2147483647;
			files = (
				9CF1E3B429D060E600DE179D /* Preview Assets.xcassets in Resources */,
				9CF1E3B129D060E600DE179D /* Assets.xcassets in Resources */,
			);
			runOnlyForDeploymentPostprocessing = 0;
		};
		9CF1E3B829D060E600DE179D /* Resources */ = {
			isa = PBXResourcesBuildPhase;
			buildActionMask = 2147483647;
			files = (
			);
			runOnlyForDeploymentPostprocessing = 0;
		};
		9CF1E3C229D060E600DE179D /* Resources */ = {
			isa = PBXResourcesBuildPhase;
			buildActionMask = 2147483647;
			files = (
			);
			runOnlyForDeploymentPostprocessing = 0;
		};
/* End PBXResourcesBuildPhase section */

/* Begin PBXSourcesBuildPhase section */
		9CF1E3A529D060E500DE179D /* Sources */ = {
			isa = PBXSourcesBuildPhase;
			buildActionMask = 2147483647;
			files = (
				9CF1E3AF29D060E500DE179D /* ContentView.swift in Sources */,
				9CF1E3AD29D060E500DE179D /* chronoApp.swift in Sources */,
			);
			runOnlyForDeploymentPostprocessing = 0;
		};
		9CF1E3B629D060E600DE179D /* Sources */ = {
			isa = PBXSourcesBuildPhase;
			buildActionMask = 2147483647;
			files = (
				9CF1E3BF29D060E600DE179D /* chronoTests.swift in Sources */,
			);
			runOnlyForDeploymentPostprocessing = 0;
		};
		9CF1E3C029D060E600DE179D /* Sources */ = {
			isa = PBXSourcesBuildPhase;
			buildActionMask = 2147483647;
			files = (
				9CF1E3C929D060E600DE179D /* chronoUITests.swift in Sources */,
				9CF1E3CB29D060E600DE179D /* chronoUITestsLaunchTests.swift in Sources */,
			);
			runOnlyForDeploymentPostprocessing = 0;
		};
/* End PBXSourcesBuildPhase section */

/* Begin PBXTargetDependency section */
		9CF1E3BC29D060E600DE179D /* PBXTargetDependency */ = {
			isa = PBXTargetDependency;
			target = 9CF1E3A829D060E500DE179D /* chrono */;
			targetProxy = 9CF1E3BB29D060E600DE179D /* PBXContainerItemProxy */;
		};
		9CF1E3C629D060E600DE179D /* PBXTargetDependency */ = {
			isa = PBXTargetDependency;
			target = 9CF1E3A829D060E500DE179D /* chrono */;
			targetProxy = 9CF1E3C529D060E600DE179D /* PBXContainerItemProxy */;
		};
/* End PBXTargetDependency section */

/* Begin XCBuildConfiguration section */
		9CF1E3CC29D060E600DE179D /* Debug */ = {
			isa = XCBuildConfiguration;
			buildSettings = {
				ALWAYS_SEARCH_USER_PATHS = NO;
				CLANG_ANALYZER_NONNULL = YES;
				CLANG_ANALYZER_NUMBER_OBJECT_CONVERSION = YES_AGGRESSIVE;
				CLANG_CXX_LANGUAGE_STANDARD = "gnu++20";
				CLANG_ENABLE_MODULES = YES;
				CLANG_ENABLE_OBJC_ARC = YES;
				CLANG_ENABLE_OBJC_WEAK = YES;
				CLANG_WARN_BLOCK_CAPTURE_AUTORELEASING = YES;
				CLANG_WARN_BOOL_CONVERSION = YES;
				CLANG_WARN_COMMA = YES;
				CLANG_WARN_CONSTANT_CONVERSION = YES;
				CLANG_WARN_DEPRECATED_OBJC_IMPLEMENTATIONS = YES;
				CLANG_WARN_DIRECT_OBJC_ISA_USAGE = YES_ERROR;
				CLANG_WARN_DOCUMENTATION_COMMENTS = YES;
				CLANG_WARN_EMPTY_BODY = YES;
				CLANG_WARN_ENUM_CONVERSION = YES;
				CLANG_WARN_INFINITE_RECURSION = YES;
				CLANG_WARN_INT_CONVERSION = YES;
				CLANG_WARN_NON_LITERAL_NULL_CONVERSION = YES;
				CLANG_WARN_OBJC_IMPLICIT_RETAIN_SELF = YES;
				CLANG_WARN_OBJC_LITERAL_CONVERSION = YES;
				CLANG_WARN_OBJC_ROOT_CLASS = YES_ERROR;
				CLANG_WARN_QUOTED_INCLUDE_IN_FRAMEWORK_HEADER = YES;
				CLANG_WARN_RANGE_LOOP_ANALYSIS = YES;
				CLANG_WARN_STRICT_PROTOTYPES = YES;
				CLANG_WARN_SUSPICIOUS_MOVE = YES;
				CLANG_WARN_UNGUARDED_AVAILABILITY = YES_AGGRESSIVE;
				CLANG_WARN_UNREACHABLE_CODE = YES;
				CLANG_WARN__DUPLICATE_METHOD_MATCH = YES;
				COPY_PHASE_STRIP = NO;
				DEBUG_INFORMATION_FORMAT = dwarf;
				ENABLE_STRICT_OBJC_MSGSEND = YES;
				ENABLE_TESTABILITY = YES;
				GCC_C_LANGUAGE_STANDARD = gnu11;
				GCC_DYNAMIC_NO_PIC = NO;
				GCC_NO_COMMON_BLOCKS = YES;
				GCC_OPTIMIZATION_LEVEL = 0;
				GCC_PREPROCESSOR_DEFINITIONS = (
					"DEBUG=1",
					"$(inherited)",
				);
				GCC_WARN_64_TO_32_BIT_CONVERSION = YES;
				GCC_WARN_ABOUT_RETURN_TYPE = YES_ERROR;
				GCC_WARN_UNDECLARED_SELECTOR = YES;
				GCC_WARN_UNINITIALIZED_AUTOS = YES_AGGRESSIVE;
				GCC_WARN_UNUSED_FUNCTION = YES;
				GCC_WARN_UNUSED_VARIABLE = YES;
				MACOSX_DEPLOYMENT_TARGET = 13.1;
				MTL_ENABLE_DEBUG_INFO = INCLUDE_SOURCE;
				MTL_FAST_MATH = YES;
				ONLY_ACTIVE_ARCH = YES;
				SDKROOT = macosx;
				SWIFT_ACTIVE_COMPILATION_CONDITIONS = DEBUG;
				SWIFT_OPTIMIZATION_LEVEL = "-Onone";
			};
			name = Debug;
		};
		9CF1E3CD29D060E600DE179D /* Release */ = {
			isa = XCBuildConfiguration;
			buildSettings = {
				ALWAYS_SEARCH_USER_PATHS = NO;
				CLANG_ANALYZER_NONNULL = YES;
				CLANG_ANALYZER_NUMBER_OBJECT_CONVERSION = YES_AGGRESSIVE;
				CLANG_CXX_LANGUAGE_STANDARD = "gnu++20";
				CLANG_ENABLE_MODULES = YES;
				CLANG_ENABLE_OBJC_ARC = YES;
				CLANG_ENABLE_OBJC_WEAK = YES;
				CLANG_WARN_BLOCK_CAPTURE_AUTORELEASING = YES;
				CLANG_WARN_BOOL_CONVERSION = YES;
				CLANG_WARN_COMMA = YES;
				CLANG_WARN_CONSTANT_CONVERSION = YES;
				CLANG_WARN_DEPRECATED_OBJC_IMPLEMENTATIONS = YES;
				CLANG_WARN_DIRECT_OBJC_ISA_USAGE = YES_ERROR;
				CLANG_WARN_DOCUMENTATION_COMMENTS = YES;
				CLANG_WARN_EMPTY_BODY = YES;
				CLANG_WARN_ENUM_CONVERSION = YES;
				CLANG_WARN_INFINITE_RECURSION = YES;
				CLANG_WARN_INT_CONVERSION = YES;
				CLANG_WARN_NON_LITERAL_NULL_CONVERSION = YES;
				CLANG_WARN_OBJC_IMPLICIT_RETAIN_SELF = YES;
				CLANG_WARN_OBJC_LITERAL_CONVERSION = YES;
				CLANG_WARN_OBJC_ROOT_CLASS = YES_ERROR;
				CLANG_WARN_QUOTED_INCLUDE_IN_FRAMEWORK_HEADER = YES;
				CLANG_WARN_RANGE_LOOP_ANALYSIS = YES;
				CLANG_WARN_STRICT_PROTOTYPES = YES;
				CLANG_WARN_SUSPICIOUS_MOVE = YES;
				CLANG_WARN_UNGUARDED_AVAILABILITY = YES_AGGRESSIVE;
				CLANG_WARN_UNREACHABLE_CODE = YES;
				CLANG_WARN__DUPLICATE_METHOD_MATCH = YES;
				COPY_PHASE_STRIP = NO;
				DEBUG_INFORMATION_FORMAT = "dwarf-with-dsym";
				ENABLE_NS_ASSERTIONS = NO;
				ENABLE_STRICT_OBJC_MSGSEND = YES;
				GCC_C_LANGUAGE_STANDARD = gnu11;
				GCC_NO_COMMON_BLOCKS = YES;
				GCC_WARN_64_TO_32_BIT_CONVERSION = YES;
				GCC_WARN_ABOUT_RETURN_TYPE = YES_ERROR;
				GCC_WARN_UNDECLARED_SELECTOR = YES;
				GCC_WARN_UNINITIALIZED_AUTOS = YES_AGGRESSIVE;
				GCC_WARN_UNUSED_FUNCTION = YES;
				GCC_WARN_UNUSED_VARIABLE = YES;
				MACOSX_DEPLOYMENT_TARGET = 13.1;
				MTL_ENABLE_DEBUG_INFO = NO;
				MTL_FAST_MATH = YES;
				SDKROOT = macosx;
				SWIFT_COMPILATION_MODE = wholemodule;
				SWIFT_OPTIMIZATION_LEVEL = "-O";
			};
			name = Release;
		};
		9CF1E3CF29D060E600DE179D /* Debug */ = {
			isa = XCBuildConfiguration;
			buildSettings = {
				ASSETCATALOG_COMPILER_APPICON_NAME = AppIcon;
				ASSETCATALOG_COMPILER_GLOBAL_ACCENT_COLOR_NAME = AccentColor;
				CODE_SIGN_ENTITLEMENTS = chrono/chrono.entitlements;
				CODE_SIGN_STYLE = Automatic;
				COMBINE_HIDPI_IMAGES = YES;
				CURRENT_PROJECT_VERSION = 1;
				DEVELOPMENT_ASSET_PATHS = "\"chrono/Preview Content\"";
				DEVELOPMENT_TEAM = 7CGFSCY642;
				ENABLE_HARDENED_RUNTIME = YES;
				ENABLE_PREVIEWS = YES;
				GENERATE_INFOPLIST_FILE = YES;
				INFOPLIST_KEY_NSHumanReadableCopyright = "";
				LD_RUNPATH_SEARCH_PATHS = (
					"$(inherited)",
					"@executable_path/../Frameworks",
				);
				MARKETING_VERSION = 1.0;
				PRODUCT_BUNDLE_IDENTIFIER = thomas.chrono;
				PRODUCT_NAME = "$(TARGET_NAME)";
				SWIFT_EMIT_LOC_STRINGS = YES;
				SWIFT_VERSION = 5.0;
			};
			name = Debug;
		};
		9CF1E3D029D060E600DE179D /* Release */ = {
			isa = XCBuildConfiguration;
			buildSettings = {
				ASSETCATALOG_COMPILER_APPICON_NAME = AppIcon;
				ASSETCATALOG_COMPILER_GLOBAL_ACCENT_COLOR_NAME = AccentColor;
				CODE_SIGN_ENTITLEMENTS = chrono/chrono.entitlements;
				CODE_SIGN_STYLE = Automatic;
				COMBINE_HIDPI_IMAGES = YES;
				CURRENT_PROJECT_VERSION = 1;
				DEVELOPMENT_ASSET_PATHS = "\"chrono/Preview Content\"";
				DEVELOPMENT_TEAM = 7CGFSCY642;
				ENABLE_HARDENED_RUNTIME = YES;
				ENABLE_PREVIEWS = YES;
				GENERATE_INFOPLIST_FILE = YES;
				INFOPLIST_KEY_NSHumanReadableCopyright = "";
				LD_RUNPATH_SEARCH_PATHS = (
					"$(inherited)",
					"@executable_path/../Frameworks",
				);
				MARKETING_VERSION = 1.0;
				PRODUCT_BUNDLE_IDENTIFIER = thomas.chrono;
				PRODUCT_NAME = "$(TARGET_NAME)";
				SWIFT_EMIT_LOC_STRINGS = YES;
				SWIFT_VERSION = 5.0;
			};
			name = Release;
		};
		9CF1E3D229D060E600DE179D /* Debug */ = {
			isa = XCBuildConfiguration;
			buildSettings = {
				ALWAYS_EMBED_SWIFT_STANDARD_LIBRARIES = YES;
				BUNDLE_LOADER = "$(TEST_HOST)";
				CODE_SIGN_STYLE = Automatic;
				CURRENT_PROJECT_VERSION = 1;
				DEVELOPMENT_TEAM = 7CGFSCY642;
				GENERATE_INFOPLIST_FILE = YES;
				MACOSX_DEPLOYMENT_TARGET = 13.1;
				MARKETING_VERSION = 1.0;
				PRODUCT_BUNDLE_IDENTIFIER = thomas.chronoTests;
				PRODUCT_NAME = "$(TARGET_NAME)";
				SWIFT_EMIT_LOC_STRINGS = NO;
				SWIFT_VERSION = 5.0;
				TEST_HOST = "$(BUILT_PRODUCTS_DIR)/chrono.app/$(BUNDLE_EXECUTABLE_FOLDER_PATH)/chrono";
			};
			name = Debug;
		};
		9CF1E3D329D060E600DE179D /* Release */ = {
			isa = XCBuildConfiguration;
			buildSettings = {
				ALWAYS_EMBED_SWIFT_STANDARD_LIBRARIES = YES;
				BUNDLE_LOADER = "$(TEST_HOST)";
				CODE_SIGN_STYLE = Automatic;
				CURRENT_PROJECT_VERSION = 1;
				DEVELOPMENT_TEAM = 7CGFSCY642;
				GENERATE_INFOPLIST_FILE = YES;
				MACOSX_DEPLOYMENT_TARGET = 13.1;
				MARKETING_VERSION = 1.0;
				PRODUCT_BUNDLE_IDENTIFIER = thomas.chronoTests;
				PRODUCT_NAME = "$(TARGET_NAME)";
				SWIFT_EMIT_LOC_STRINGS = NO;
				SWIFT_VERSION = 5.0;
				TEST_HOST = "$(BUILT_PRODUCTS_DIR)/chrono.app/$(BUNDLE_EXECUTABLE_FOLDER_PATH)/chrono";
			};
			name = Release;
		};
		9CF1E3D529D060E600DE179D /* Debug */ = {
			isa = XCBuildConfiguration;
			buildSettings = {
				ALWAYS_EMBED_SWIFT_STANDARD_LIBRARIES = YES;
				CODE_SIGN_STYLE = Automatic;
				CURRENT_PROJECT_VERSION = 1;
				DEVELOPMENT_TEAM = 7CGFSCY642;
				GENERATE_INFOPLIST_FILE = YES;
				MARKETING_VERSION = 1.0;
				PRODUCT_BUNDLE_IDENTIFIER = thomas.chronoUITests;
				PRODUCT_NAME = "$(TARGET_NAME)";
				SWIFT_EMIT_LOC_STRINGS = NO;
				SWIFT_VERSION = 5.0;
				TEST_TARGET_NAME = chrono;
			};
			name = Debug;
		};
		9CF1E3D629D060E600DE179D /* Release */ = {
			isa = XCBuildConfiguration;
			buildSettings = {
				ALWAYS_EMBED_SWIFT_STANDARD_LIBRARIES = YES;
				CODE_SIGN_STYLE = Automatic;
				CURRENT_PROJECT_VERSION = 1;
				DEVELOPMENT_TEAM = 7CGFSCY642;
				GENERATE_INFOPLIST_FILE = YES;
				MARKETING_VERSION = 1.0;
				PRODUCT_BUNDLE_IDENTIFIER = thomas.chronoUITests;
				PRODUCT_NAME = "$(TARGET_NAME)";
				SWIFT_EMIT_LOC_STRINGS = NO;
				SWIFT_VERSION = 5.0;
				TEST_TARGET_NAME = chrono;
			};
			name = Release;
		};
/* End XCBuildConfiguration section */

/* Begin XCConfigurationList section */
		9CF1E3A429D060E500DE179D /* Build configuration list for PBXProject "chrono" */ = {
			isa = XCConfigurationList;
			buildConfigurations = (
				9CF1E3CC29D060E600DE179D /* Debug */,
				9CF1E3CD29D060E600DE179D /* Release */,
			);
			defaultConfigurationIsVisible = 0;
			defaultConfigurationName = Release;
		};
		9CF1E3CE29D060E600DE179D /* Build configuration list for PBXNativeTarget "chrono" */ = {
			isa = XCConfigurationList;
			buildConfigurations = (
				9CF1E3CF29D060E600DE179D /* Debug */,
				9CF1E3D029D060E600DE179D /* Release */,
			);
			defaultConfigurationIsVisible = 0;
			defaultConfigurationName = Release;
		};
		9CF1E3D129D060E600DE179D /* Build configuration list for PBXNativeTarget "chronoTests" */ = {
			isa = XCConfigurationList;
			buildConfigurations = (
				9CF1E3D229D060E600DE179D /* Debug */,
				9CF1E3D329D060E600DE179D /* Release */,
			);
			defaultConfigurationIsVisible = 0;
			defaultConfigurationName = Release;
		};
		9CF1E3D429D060E600DE179D /* Build configuration list for PBXNativeTarget "chronoUITests" */ = {
			isa = XCConfigurationList;
			buildConfigurations = (
				9CF1E3D529D060E600DE179D /* Debug */,
				9CF1E3D629D060E600DE179D /* Release */,
			);
			defaultConfigurationIsVisible = 0;
			defaultConfigurationName = Release;
		};
/* End XCConfigurationList section */
	};
	rootObject = 9CF1E3A129D060E500DE179D /* Project object */;
}
